// !$*UTF8*$!
{ "archiveVersion" = "1"; "classes" = {  }; "objectVersion" = "56"; "objects" = { "C19C71A440C3057962DC8F00" = { "isa" = "PBXFileReference"; "lastKnownFileType" = "sourcecode.swift"; "path" = "Sources/NotchFlow/App/AppDelegate.swift"; "sourceTree" = "<group>"; }; "51C3B13DE23077D73EA0F816" = { "isa" = "PBXBuildFile"; "fileRef" = "C19C71A440C3057962DC8F00"; }; "1522D7D076386C96EB6B14E8" = { "isa" = "PBXFileReference"; "lastKnownFileType" = "sourcecode.swift"; "path" = "Sources/NotchFlow/App/NotchFlowApp.swift"; "sourceTree" = "<group>"; }; "045A02E55756519B1E7A1264" = { "isa" = "PBXBuildFile"; "fileRef" = "1522D7D076386C96EB6B14E8"; }; "B14CC438D7E3C1F139C21FDC" = { "isa" = "PBXFileReference"; "lastKnownFileType" = "sourcecode.swift"; "path" = "Sources/NotchFlow/Calendar/CalendarService.swift"; "sourceTree" = "<group>"; }; "A358995ED042C10ACDE85903" = { "isa" = "PBXBuildFile"; "fileRef" = "B14CC438D7E3C1F139C21FDC"; }; "71AC8FA102DDEA35FF1FA66B" = { "isa" = "PBXFileReference"; "lastKnownFileType" = "sourcecode.swift"; "path" = "Sources/NotchFlow/Calendar/CalendarView.swift"; "sourceTree" = "<group>"; }; "B89211C9F769BEF774880BA4" = { "isa" = "PBXBuildFile"; "fileRef" = "71AC8FA102DDEA35FF1FA66B"; }; "164A32D8FE325661846FB607" = { "isa" = "PBXFileReference"; "lastKnownFileType" = "sourcecode.swift"; "path" = "Sources/NotchFlow/Calendar/CalendarViewModel.swift"; "sourceTree" = "<group>"; }; "0CBD64C4992FFFD22CA43674" = { "isa" = "PBXBuildFile"; "fileRef" = "164A32D8FE325661846FB607"; }; "A04379D7CCC54553B607C927" = { "isa" = "PBXFileReference"; "lastKnownFileType" = "sourcecode.swift"; "path" = "Sources/NotchFlow/Core/AppState.swift"; "sourceTree" = "<group>"; }; "544EDD426189BECC47F404E1" = { "isa" = "PBXBuildFile"; "fileRef" = "A04379D7CCC54553B607C927"; }; "BC42CCEA404CCCBA5823778E" = { "isa" = "PBXFileReference"; "lastKnownFileType" = "sourcecode.swift"; "path" = "Sources/NotchFlow/Dashboard/DashboardView.swift"; "sourceTree" = "<group>"; }; "9D895696B86BFD80531A06EE" = { "isa" = "PBXBuildFile"; "fileRef" = "BC42CCEA404CCCBA5823778E"; }; "0A2A39418AA63F17B00B61FD" = { "isa" = "PBXFileReference"; "lastKnownFileType" = "sourcecode.swift"; "path" = "Sources/NotchFlow/FileShelf/FileShelfService.swift"; "sourceTree" = "<group>"; }; "2190C2AA8A46B5D5F7C4E3B7" = { "isa" = "PBXBuildFile"; "fileRef" = "0A2A39418AA63F17B00B61FD"; }; "CDBFF2F86D153F9A137E16D7" = { "isa" = "PBXFileReference"; "lastKnownFileType" = "sourcecode.swift"; "path" = "Sources/NotchFlow/FileShelf/FileShelfView.swift"; "sourceTree" = "<group>"; }; "D89BC15A1A862623DD2B5009" = { "isa" = "PBXBuildFile"; "fileRef" = "CDBFF2F86D153F9A137E16D7"; }; "CCCD833256EB80AEE7B131CF" = { "isa" = "PBXFileReference"; "lastKnownFileType" = "sourcecode.swift"; "path" = "Sources/NotchFlow/FileShelf/FileShelfViewModel.swift"; "sourceTree" = "<group>"; }; "326A3766489792E859CB3A07" = { "isa" = "PBXBuildFile"; "fileRef" = "CCCD833256EB80AEE7B131CF"; }; "70C6CE37AA7B12C6D8E07F27" = { "isa" = "PBXFileReference"; "lastKnownFileType" = "sourcecode.swift"; "path" = "Sources/NotchFlow/FileShelf/QuickLookService.swift"; "sourceTree" = "<group>"; }; "DCA16D438B9E41654BE1975F" = { "isa" = "PBXBuildFile"; "fileRef" = "70C6CE37AA7B12C6D8E07F27"; }; "3B6473914B5D63775F6AAA41" = { "isa" = "PBXFileReference"; "lastKnownFileType" = "sourcecode.swift"; "path" = "Sources/NotchFlow/Memo/MemoView.swift"; "sourceTree" = "<group>"; }; "58B68D65C7D234B13A08C7DF" = { "isa" = "PBXBuildFile"; "fileRef" = "3B6473914B5D63775F6AAA41"; }; "1FBBF17F3D2CD43C13A1AC13" = { "isa" = "PBXFileReference"; "lastKnownFileType" = "sourcecode.swift"; "path" = "Sources/NotchFlow/Memo/MemoViewModel.swift"; "sourceTree" = "<group>"; }; "F803BE6A5B01339276BA2F86" = { "isa" = "PBXBuildFile"; "fileRef" = "1FBBF17F3D2CD43C13A1AC13"; }; "F9A63BA3188398B8B3D34A7F" = { "isa" = "PBXFileReference"; "lastKnownFileType" = "sourcecode.swift"; "path" = "Sources/NotchFlow/Music/AlbumArtworkView.swift"; "sourceTree" = "<group>"; }; "609B1C9AC09983DD2EF09CB8" = { "isa" = "PBXBuildFile"; "fileRef" = "F9A63BA3188398B8B3D34A7F"; }; "989D281C5BD3F0286099F2CE" = { "isa" = "PBXFileReference"; "lastKnownFileType" = "sourcecode.swift"; "path" = "Sources/NotchFlow/Music/MusicService.swift"; "sourceTree" = "<group>"; }; "2BD5AA576AFFC7DBB4C55DA7" = { "isa" = "PBXBuildFile"; "fileRef" = "989D281C5BD3F0286099F2CE"; }; "CC6E91952026AA6D900F770E" = { "isa" = "PBXFileReference"; "lastKnownFileType" = "sourcecode.swift"; "path" = "Sources/NotchFlow/Music/MusicTrack.swift"; "sourceTree" = "<group>"; }; "8F20CC19DBD74ED038C4CC4E" = { "isa" = "PBXBuildFile"; "fileRef" = "CC6E91952026AA6D900F770E"; }; "94F0390117A1211FE349E98D" = { "isa" = "PBXFileReference"; "lastKnownFileType" = "sourcecode.swift"; "path" = "Sources/NotchFlow/Music/MusicView.swift"; "sourceTree" = "<group>"; }; "014D11E8B388A63D516BA3E7" = { "isa" = "PBXBuildFile"; "fileRef" = "94F0390117A1211FE349E98D"; }; "4108004A098896E289447316" = { "isa" = "PBXFileReference"; "lastKnownFileType" = "sourcecode.swift"; "path" = "Sources/NotchFlow/Music/MusicViewModel.swift"; "sourceTree" = "<group>"; }; "3AA0AD316A509E3475ED2C69" = { "isa" = "PBXBuildFile"; "fileRef" = "4108004A098896E289447316"; }; "36FE5C706D098130EEE263B2" = { "isa" = "PBXFileReference"; "lastKnownFileType" = "sourcecode.swift"; "path" = "Sources/NotchFlow/Notch/NotchPanel.swift"; "sourceTree" = "<group>"; }; "149049EAE51F8FE1B9631082" = { "isa" = "PBXBuildFile"; "fileRef" = "36FE5C706D098130EEE263B2"; }; "2675DC5775FD0256DFD9635C" = { "isa" = "PBXFileReference"; "lastKnownFileType" = "sourcecode.swift"; "path" = "Sources/NotchFlow/Notch/NotchView.swift"; "sourceTree" = "<group>"; }; "6206A317F6D693BF98A5C9BF" = { "isa" = "PBXBuildFile"; "fileRef" = "2675DC5775FD0256DFD9635C"; }; "A5822AD2EFAF6FEBAB563B5D" = { "isa" = "PBXFileReference"; "lastKnownFileType" = "sourcecode.swift"; "path" = "Sources/NotchFlow/Notch/NotchViewModel.swift"; "sourceTree" = "<group>"; }; "A2A6809B13804B45EE8AF2EE" = { "isa" = "PBXBuildFile"; "fileRef" = "A5822AD2EFAF6FEBAB563B5D"; }; "A332E3FCFA7ABD3318764226" = { "isa" = "PBXFileReference"; "lastKnownFileType" = "sourcecode.swift"; "path" = "Sources/NotchFlow/Notch/NotchWindowController.swift"; "sourceTree" = "<group>"; }; "B0D8FFA0CCB4CBE6C61AAB07" = { "isa" = "PBXBuildFile"; "fileRef" = "A332E3FCFA7ABD3318764226"; }; "A1380BFCC777E190F4D08A66" = { "isa" = "PBXFileReference"; "lastKnownFileType" = "sourcecode.swift"; "path" = "Sources/NotchFlow/Notifications/NotificationManager.swift"; "sourceTree" = "<group>"; }; "26716A1091D1E4DB8A5FF5A7" = { "isa" = "PBXBuildFile"; "fileRef" = "A1380BFCC777E190F4D08A66"; }; "6EF770DE4685DDD6F6B9B418" = { "isa" = "PBXFileReference"; "lastKnownFileType" = "sourcecode.swift"; "path" = "Sources/NotchFlow/Onboarding/OnboardingView.swift"; "sourceTree" = "<group>"; }; "56F98D4BA40EF5BC4392B1F1" = { "isa" = "PBXBuildFile"; "fileRef" = "6EF770DE4685DDD6F6B9B418"; }; "66C9A583D5166CCCB28183CE" = { "isa" = "PBXFileReference"; "lastKnownFileType" = "sourcecode.swift"; "path" = "Sources/NotchFlow/Services/GlobalShortcutService.swift"; "sourceTree" = "<group>"; }; "A1366C60DEC55FBE2D922D6C" = { "isa" = "PBXBuildFile"; "fileRef" = "66C9A583D5166CCCB28183CE"; }; "ED121F5D845592AD919590C2" = { "isa" = "PBXFileReference"; "lastKnownFileType" = "sourcecode.swift"; "path" = "Sources/NotchFlow/Services/ScreenService.swift"; "sourceTree" = "<group>"; }; "2B9D12DECAFF081ACB490AE4" = { "isa" = "PBXBuildFile"; "fileRef" = "ED121F5D845592AD919590C2"; }; "0A30931B9D745F6812A2B7F3" = { "isa" = "PBXFileReference"; "lastKnownFileType" = "sourcecode.swift"; "path" = "Sources/NotchFlow/Services/StorageLocation.swift"; "sourceTree" = "<group>"; }; "2425D0910C24ABBB177C8252" = { "isa" = "PBXBuildFile"; "fileRef" = "0A30931B9D745F6812A2B7F3"; }; "DD065B7B50D4063155688FB6" = { "isa" = "PBXFileReference"; "lastKnownFileType" = "sourcecode.swift"; "path" = "Sources/NotchFlow/Settings/SettingsView.swift"; "sourceTree" = "<group>"; }; "E2A713DE08BC99C24C2C98C7" = { "isa" = "PBXBuildFile"; "fileRef" = "DD065B7B50D4063155688FB6"; }; "4E4188A34A6A60D6518D6624" = { "isa" = "PBXFileReference"; "lastKnownFileType" = "sourcecode.swift"; "path" = "Sources/NotchFlow/Settings/SettingsViewModel.swift"; "sourceTree" = "<group>"; }; "B5CC58F1C98C699AEE15F873" = { "isa" = "PBXBuildFile"; "fileRef" = "4E4188A34A6A60D6518D6624"; }; "B5C01801693B2688B0242F35" = { "isa" = "PBXFileReference"; "lastKnownFileType" = "sourcecode.swift"; "path" = "Sources/NotchFlow/Timer/FocusTimer.swift"; "sourceTree" = "<group>"; }; "164033CF241FBE2B8E932B2E" = { "isa" = "PBXBuildFile"; "fileRef" = "B5C01801693B2688B0242F35"; }; "828B0D78D4C6057A0276FDE7" = { "isa" = "PBXFileReference"; "lastKnownFileType" = "sourcecode.swift"; "path" = "Sources/NotchFlow/Updates/UpdateManager.swift"; "sourceTree" = "<group>"; }; "604FD05C59D9E28D30F05D3F" = { "isa" = "PBXBuildFile"; "fileRef" = "828B0D78D4C6057A0276FDE7"; }; "46A1DE35F978E3045475B410" = { "isa" = "PBXFileReference"; "lastKnownFileType" = "sourcecode.swift"; "path" = "Sources/NotchFlow/Updates/UpdatePromptView.swift"; "sourceTree" = "<group>"; }; "B47AC600261694CF5EF4659F" = { "isa" = "PBXBuildFile"; "fileRef" = "46A1DE35F978E3045475B410"; }; "7459E2F4D674C0ED65569CFD" = { "isa" = "PBXFileReference"; "lastKnownFileType" = "sourcecode.swift"; "path" = "Sources/NotchFlow/Utilities/AppLog.swift"; "sourceTree" = "<group>"; }; "C6F65FD0922694E2C2359AEB" = { "isa" = "PBXBuildFile"; "fileRef" = "7459E2F4D674C0ED65569CFD"; }; "2B72CF0C70955AB38F2496C1" = { "isa" = "PBXFileReference"; "lastKnownFileType" = "sourcecode.swift"; "path" = "Sources/NotchFlow/Utilities/NotchButtonStyle.swift"; "sourceTree" = "<group>"; }; "08B2D7E84FE07C528954E4A5" = { "isa" = "PBXBuildFile"; "fileRef" = "2B72CF0C70955AB38F2496C1"; }; "5AE4466E167D4ED828465814" = { "isa" = "PBXFileReference"; "lastKnownFileType" = "sourcecode.swift"; "path" = "Sources/NotchFlowCore/AppSettings.swift"; "sourceTree" = "<group>"; }; "FF928ADA0E977F7E6DEB7C8D" = { "isa" = "PBXBuildFile"; "fileRef" = "5AE4466E167D4ED828465814"; }; "2B64D1357D1C98DC227A041E" = { "isa" = "PBXFileReference"; "lastKnownFileType" = "sourcecode.swift"; "path" = "Sources/NotchFlowCore/CalendarEvent.swift"; "sourceTree" = "<group>"; }; "F8426F13B700BEFD543CD195" = { "isa" = "PBXBuildFile"; "fileRef" = "2B64D1357D1C98DC227A041E"; }; "B96947C4A7882749B14979A7" = { "isa" = "PBXFileReference"; "lastKnownFileType" = "sourcecode.swift"; "path" = "Sources/NotchFlowCore/LocalStore.swift"; "sourceTree" = "<group>"; }; "2050C43F6E1BE85C4A3B537F" = { "isa" = "PBXBuildFile"; "fileRef" = "B96947C4A7882749B14979A7"; }; "785D49F1C1580D27D4942F1C" = { "isa" = "PBXFileReference"; "lastKnownFileType" = "sourcecode.swift"; "path" = "Sources/NotchFlowCore/Memo.swift"; "sourceTree" = "<group>"; }; "03CB7C430D0E3B20ED0AF5E8" = { "isa" = "PBXBuildFile"; "fileRef" = "785D49F1C1580D27D4942F1C"; }; "F0869745E8F5FC0EC29AD269" = { "isa" = "PBXFileReference"; "lastKnownFileType" = "sourcecode.swift"; "path" = "Sources/NotchFlowCore/NotchGeometry.swift"; "sourceTree" = "<group>"; }; "25757778F0ED107CFD81C997" = { "isa" = "PBXBuildFile"; "fileRef" = "F0869745E8F5FC0EC29AD269"; }; "1C7BEB08CB9EBF64C6DDB59F" = { "isa" = "PBXFileReference"; "lastKnownFileType" = "sourcecode.swift"; "path" = "Sources/NotchFlowCore/NotchNotification.swift"; "sourceTree" = "<group>"; }; "55184AB7EAA0A3B358020834" = { "isa" = "PBXBuildFile"; "fileRef" = "1C7BEB08CB9EBF64C6DDB59F"; }; "A0CA35011327232BA53E3EBA" = { "isa" = "PBXFileReference"; "lastKnownFileType" = "sourcecode.swift"; "path" = "Sources/NotchFlowCore/NotchState.swift"; "sourceTree" = "<group>"; }; "E675B73D5FF007070A7F72BF" = { "isa" = "PBXBuildFile"; "fileRef" = "A0CA35011327232BA53E3EBA"; }; "AF668A1F9BAE66E3E5D5684C" = { "isa" = "PBXFileReference"; "lastKnownFileType" = "sourcecode.swift"; "path" = "Sources/NotchFlowCore/ShelfItem.swift"; "sourceTree" = "<group>"; }; "DEC7B59B2F9F8F3D83BCCD43" = { "isa" = "PBXBuildFile"; "fileRef" = "AF668A1F9BAE66E3E5D5684C"; }; "87622704651A808EB8F69899" = { "isa" = "PBXFileReference"; "lastKnownFileType" = "image.icns"; "path" = "Resources/AppIcon.icns"; "sourceTree" = "<group>"; }; "ACB5E34251E7FF3F94F35D41" = { "isa" = "PBXBuildFile"; "fileRef" = "87622704651A808EB8F69899"; }; "0189424A5A60FED329FA868E" = { "isa" = "PBXResourcesBuildPhase"; "buildActionMask" = "2147483647"; "files" = ("ACB5E34251E7FF3F94F35D41"); "runOnlyForDeploymentPostprocessing" = "0"; }; "38A007151ABE87CC01A5B6E9" = { "isa" = "PBXFileReference"; "explicitFileType" = "wrapper.application"; "path" = "NotchFlow.app"; "sourceTree" = "BUILT_PRODUCTS_DIR"; }; "FBDC4F23F93125BBEEAE800C" = { "isa" = "PBXGroup"; "children" = ("38A007151ABE87CC01A5B6E9"); "name" = "Products"; "sourceTree" = "<group>"; }; "64292B1C2B2E13EAD8788FC8" = { "isa" = "PBXGroup"; "children" = ("C19C71A440C3057962DC8F00", "1522D7D076386C96EB6B14E8", "B14CC438D7E3C1F139C21FDC", "71AC8FA102DDEA35FF1FA66B", "164A32D8FE325661846FB607", "A04379D7CCC54553B607C927", "BC42CCEA404CCCBA5823778E", "0A2A39418AA63F17B00B61FD", "CDBFF2F86D153F9A137E16D7", "CCCD833256EB80AEE7B131CF", "70C6CE37AA7B12C6D8E07F27", "3B6473914B5D63775F6AAA41", "1FBBF17F3D2CD43C13A1AC13", "F9A63BA3188398B8B3D34A7F", "989D281C5BD3F0286099F2CE", "CC6E91952026AA6D900F770E", "94F0390117A1211FE349E98D", "4108004A098896E289447316", "36FE5C706D098130EEE263B2", "2675DC5775FD0256DFD9635C", "A5822AD2EFAF6FEBAB563B5D", "A332E3FCFA7ABD3318764226", "A1380BFCC777E190F4D08A66", "6EF770DE4685DDD6F6B9B418", "66C9A583D5166CCCB28183CE", "ED121F5D845592AD919590C2", "0A30931B9D745F6812A2B7F3", "DD065B7B50D4063155688FB6", "4E4188A34A6A60D6518D6624", "B5C01801693B2688B0242F35", "828B0D78D4C6057A0276FDE7", "46A1DE35F978E3045475B410", "7459E2F4D674C0ED65569CFD", "2B72CF0C70955AB38F2496C1", "5AE4466E167D4ED828465814", "2B64D1357D1C98DC227A041E", "B96947C4A7882749B14979A7", "785D49F1C1580D27D4942F1C", "F0869745E8F5FC0EC29AD269", "1C7BEB08CB9EBF64C6DDB59F", "A0CA35011327232BA53E3EBA", "AF668A1F9BAE66E3E5D5684C", "87622704651A808EB8F69899", "FBDC4F23F93125BBEEAE800C"); "sourceTree" = "<group>"; }; "BCE16DD0260827ECF338C787" = { "isa" = "PBXSourcesBuildPhase"; "buildActionMask" = "2147483647"; "files" = ("51C3B13DE23077D73EA0F816", "045A02E55756519B1E7A1264", "A358995ED042C10ACDE85903", "B89211C9F769BEF774880BA4", "0CBD64C4992FFFD22CA43674", "544EDD426189BECC47F404E1", "9D895696B86BFD80531A06EE", "2190C2AA8A46B5D5F7C4E3B7", "D89BC15A1A862623DD2B5009", "326A3766489792E859CB3A07", "DCA16D438B9E41654BE1975F", "58B68D65C7D234B13A08C7DF", "F803BE6A5B01339276BA2F86", "609B1C9AC09983DD2EF09CB8", "2BD5AA576AFFC7DBB4C55DA7", "8F20CC19DBD74ED038C4CC4E", "014D11E8B388A63D516BA3E7", "3AA0AD316A509E3475ED2C69", "149049EAE51F8FE1B9631082", "6206A317F6D693BF98A5C9BF", "A2A6809B13804B45EE8AF2EE", "B0D8FFA0CCB4CBE6C61AAB07", "26716A1091D1E4DB8A5FF5A7", "56F98D4BA40EF5BC4392B1F1", "A1366C60DEC55FBE2D922D6C", "2B9D12DECAFF081ACB490AE4", "2425D0910C24ABBB177C8252", "E2A713DE08BC99C24C2C98C7", "B5CC58F1C98C699AEE15F873", "164033CF241FBE2B8E932B2E", "604FD05C59D9E28D30F05D3F", "B47AC600261694CF5EF4659F", "C6F65FD0922694E2C2359AEB", "08B2D7E84FE07C528954E4A5", "FF928ADA0E977F7E6DEB7C8D", "F8426F13B700BEFD543CD195", "2050C43F6E1BE85C4A3B537F", "03CB7C430D0E3B20ED0AF5E8", "25757778F0ED107CFD81C997", "55184AB7EAA0A3B358020834", "E675B73D5FF007070A7F72BF", "DEC7B59B2F9F8F3D83BCCD43"); "runOnlyForDeploymentPostprocessing" = "0"; }; "7561BFB015D8F536760CB671" = { "isa" = "PBXFrameworksBuildPhase"; "buildActionMask" = "2147483647"; "files" = (); "runOnlyForDeploymentPostprocessing" = "0"; }; "EF00B4C26D3BA245CBAB3F00" = { "isa" = "XCBuildConfiguration"; "buildSettings" = { "PRODUCT_BUNDLE_IDENTIFIER" = "local.NotchFlow"; "PRODUCT_NAME" = "$(TARGET_NAME)"; "SWIFT_VERSION" = "5.0"; "MACOSX_DEPLOYMENT_TARGET" = "14.0"; "INFOPLIST_FILE" = "Resources/Info.plist"; "GENERATE_INFOPLIST_FILE" = "NO"; "CODE_SIGN_ENTITLEMENTS" = "Resources/NotchFlow.entitlements"; "CODE_SIGN_STYLE" = "Automatic"; "ENABLE_HARDENED_RUNTIME" = "YES"; "ENABLE_APP_SANDBOX" = "NO"; "COMBINE_HIDPI_IMAGES" = "YES"; "LD_RUNPATH_SEARCH_PATHS" = "$(inherited) @executable_path/../Frameworks"; "SWIFT_OPTIMIZATION_LEVEL" = "-Onone"; "SWIFT_ACTIVE_COMPILATION_CONDITIONS" = "DEBUG"; "SWIFT_EMIT_LOC_STRINGS" = "NO"; }; "name" = "Debug"; }; "AB52CB08E0FDF02BF6C67C33" = { "isa" = "XCBuildConfiguration"; "buildSettings" = { "SDKROOT" = "macosx"; "CLANG_ENABLE_MODULES" = "YES"; "MACOSX_DEPLOYMENT_TARGET" = "14.0"; }; "name" = "Debug"; }; "49B4940C5F901788C278DD41" = { "isa" = "XCBuildConfiguration"; "buildSettings" = { "PRODUCT_BUNDLE_IDENTIFIER" = "local.NotchFlow"; "PRODUCT_NAME" = "$(TARGET_NAME)"; "SWIFT_VERSION" = "5.0"; "MACOSX_DEPLOYMENT_TARGET" = "14.0"; "INFOPLIST_FILE" = "Resources/Info.plist"; "GENERATE_INFOPLIST_FILE" = "NO"; "CODE_SIGN_ENTITLEMENTS" = "Resources/NotchFlow.entitlements"; "CODE_SIGN_STYLE" = "Automatic"; "ENABLE_HARDENED_RUNTIME" = "YES"; "ENABLE_APP_SANDBOX" = "NO"; "COMBINE_HIDPI_IMAGES" = "YES"; "LD_RUNPATH_SEARCH_PATHS" = "$(inherited) @executable_path/../Frameworks"; "SWIFT_OPTIMIZATION_LEVEL" = "-O"; "SWIFT_ACTIVE_COMPILATION_CONDITIONS" = ""; "SWIFT_EMIT_LOC_STRINGS" = "NO"; }; "name" = "Release"; }; "5283471FF90C511CFE244FFF" = { "isa" = "XCBuildConfiguration"; "buildSettings" = { "SDKROOT" = "macosx"; "CLANG_ENABLE_MODULES" = "YES"; "MACOSX_DEPLOYMENT_TARGET" = "14.0"; }; "name" = "Release"; }; "E30856D4D988D9571DE7D610" = { "isa" = "XCConfigurationList"; "buildConfigurations" = ("EF00B4C26D3BA245CBAB3F00", "49B4940C5F901788C278DD41"); "defaultConfigurationIsVisible" = "0"; "defaultConfigurationName" = "Release"; }; "FBD3510CED826C9DAA696E48" = { "isa" = "XCConfigurationList"; "buildConfigurations" = ("AB52CB08E0FDF02BF6C67C33", "5283471FF90C511CFE244FFF"); "defaultConfigurationIsVisible" = "0"; "defaultConfigurationName" = "Release"; }; "0E8A3AD980EC179856012B7E" = { "isa" = "PBXNativeTarget"; "buildConfigurationList" = "E30856D4D988D9571DE7D610"; "buildPhases" = ("BCE16DD0260827ECF338C787", "7561BFB015D8F536760CB671", "0189424A5A60FED329FA868E"); "buildRules" = (); "dependencies" = (); "name" = "NotchFlow"; "productName" = "NotchFlow"; "productReference" = "38A007151ABE87CC01A5B6E9"; "productType" = "com.apple.product-type.application"; }; "98F54143AB4E86B28C3AFEE0" = { "isa" = "PBXProject"; "attributes" = { "LastUpgradeCheck" = "1600"; }; "buildConfigurationList" = "FBD3510CED826C9DAA696E48"; "compatibilityVersion" = "Xcode 14.0"; "developmentRegion" = "en"; "knownRegions" = ("en", "ko", "Base"); "mainGroup" = "64292B1C2B2E13EAD8788FC8"; "productRefGroup" = "FBDC4F23F93125BBEEAE800C"; "projectDirPath" = ""; "projectRoot" = ""; "targets" = ("0E8A3AD980EC179856012B7E"); }; }; "rootObject" = "98F54143AB4E86B28C3AFEE0"; }
